
Microsoft Visual Studio Solution File, Format Version 12.00
# Visual Studio Version 16
VisualStudioVersion = 16.0.31624.102
MinimumVisualStudioVersion = 10.0.40219.1
Project("{FAE04EC0-301F-11D3-BF4B-00C04F79EFBC}") = "HarmonicNumber", "HarmonicNumber\HarmonicNumber.csproj", "{16EFFB0E-5571-4173-AA3D-DE24E944114A}"
EndProject
Global
	GlobalSection(SolutionConfigurationPlatforms) = preSolution
		Debug|Any CPU = Debug|Any CPU
		Release|Any CPU = Release|Any CPU
	EndGlobalSection
	GlobalSection(ProjectConfigurationPlatforms) = postSolution
		{16EFFB0E-5571-4173-AA3D-DE24E944114A}.Debug|Any CPU.ActiveCfg = Debug|Any CPU
		{16EFFB0E-5571-4173-AA3D-DE24E944114A}.Debug|Any CPU.Build.0 = Debug|Any CPU
		{16EFFB0E-5571-4173-AA3D-DE24E944114A}.Release|Any CPU.ActiveCfg = Release|Any CPU
		{16EFFB0E-5571-4173-AA3D-DE24E944114A}.Release|Any CPU.Build.0 = Release|Any CPU
	EndGlobalSection
	GlobalSection(SolutionProperties) = preSolution
		HideSolutionNode = FALSE
	EndGlobalSection
	GlobalSection(ExtensibilityGlobals) = postSolution
		SolutionGuid = {8DCFFE40-F295-4CD5-9155-95AB3C1E160A}
	EndGlobalSection
EndGlobal
