
Microsoft Visual Studio Solution File, Format Version 12.00
# Visual Studio Version 16
VisualStudioVersion = 16.0.31624.102
MinimumVisualStudioVersion = 10.0.40219.1
Project("{FAE04EC0-301F-11D3-BF4B-00C04F79EFBC}") = "PrimeFactor", "PrimeFactor\PrimeFactor.csproj", "{AF44C4F8-1737-4577-8DCD-57D5F0FEB897}"
EndProject
Global
	GlobalSection(SolutionConfigurationPlatforms) = preSolution
		Debug|Any CPU = Debug|Any CPU
		Release|Any CPU = Release|Any CPU
	EndGlobalSection
	GlobalSection(ProjectConfigurationPlatforms) = postSolution
		{AF44C4F8-1737-4577-8DCD-57D5F0FEB897}.Debug|Any CPU.ActiveCfg = Debug|Any CPU
		{AF44C4F8-1737-4577-8DCD-57D5F0FEB897}.Debug|Any CPU.Build.0 = Debug|Any CPU
		{AF44C4F8-1737-4577-8DCD-57D5F0FEB897}.Release|Any CPU.ActiveCfg = Release|Any CPU
		{AF44C4F8-1737-4577-8DCD-57D5F0FEB897}.Release|Any CPU.Build.0 = Release|Any CPU
	EndGlobalSection
	GlobalSection(SolutionProperties) = preSolution
		HideSolutionNode = FALSE
	EndGlobalSection
	GlobalSection(ExtensibilityGlobals) = postSolution
		SolutionGuid = {098EEBED-3762-43E7-93DF-5E8BD1B1975F}
	EndGlobalSection
EndGlobal
