
Microsoft Visual Studio Solution File, Format Version 12.00
# Visual Studio Version 16
VisualStudioVersion = 16.0.31624.102
MinimumVisualStudioVersion = 10.0.40219.1
Project("{FAE04EC0-301F-11D3-BF4B-00C04F79EFBC}") = "VowelAlphabet", "VowelAlphabet\VowelAlphabet.csproj", "{ED60FBE9-B374-4F68-81F2-FA2D94D41618}"
EndProject
Global
	GlobalSection(SolutionConfigurationPlatforms) = preSolution
		Debug|Any CPU = Debug|Any CPU
		Release|Any CPU = Release|Any CPU
	EndGlobalSection
	GlobalSection(ProjectConfigurationPlatforms) = postSolution
		{ED60FBE9-B374-4F68-81F2-FA2D94D41618}.Debug|Any CPU.ActiveCfg = Debug|Any CPU
		{ED60FBE9-B374-4F68-81F2-FA2D94D41618}.Debug|Any CPU.Build.0 = Debug|Any CPU
		{ED60FBE9-B374-4F68-81F2-FA2D94D41618}.Release|Any CPU.ActiveCfg = Release|Any CPU
		{ED60FBE9-B374-4F68-81F2-FA2D94D41618}.Release|Any CPU.Build.0 = Release|Any CPU
	EndGlobalSection
	GlobalSection(SolutionProperties) = preSolution
		HideSolutionNode = FALSE
	EndGlobalSection
	GlobalSection(ExtensibilityGlobals) = postSolution
		SolutionGuid = {5B2C6397-C21C-4E0C-B846-29766835B03B}
	EndGlobalSection
EndGlobal
