
Microsoft Visual Studio Solution File, Format Version 12.00
# Visual Studio Version 16
VisualStudioVersion = 16.0.31624.102
MinimumVisualStudioVersion = 10.0.40219.1
Project("{FAE04EC0-301F-11D3-BF4B-00C04F79EFBC}") = "QuotientAndRemainder", "QuotientAndRemainder\QuotientAndRemainder.csproj", "{A368FD45-347B-4923-9D76-C310591827E7}"
EndProject
Global
	GlobalSection(SolutionConfigurationPlatforms) = preSolution
		Debug|Any CPU = Debug|Any CPU
		Release|Any CPU = Release|Any CPU
	EndGlobalSection
	GlobalSection(ProjectConfigurationPlatforms) = postSolution
		{A368FD45-347B-4923-9D76-C310591827E7}.Debug|Any CPU.ActiveCfg = Debug|Any CPU
		{A368FD45-347B-4923-9D76-C310591827E7}.Debug|Any CPU.Build.0 = Debug|Any CPU
		{A368FD45-347B-4923-9D76-C310591827E7}.Release|Any CPU.ActiveCfg = Release|Any CPU
		{A368FD45-347B-4923-9D76-C310591827E7}.Release|Any CPU.Build.0 = Release|Any CPU
	EndGlobalSection
	GlobalSection(SolutionProperties) = preSolution
		HideSolutionNode = FALSE
	EndGlobalSection
	GlobalSection(ExtensibilityGlobals) = postSolution
		SolutionGuid = {F282681B-B532-4EEB-A1E6-B104F6C160C9}
	EndGlobalSection
EndGlobal
